// !$*UTF8*$!
{
	archiveVersion = 1;
	classes = {
	};
	objectVersion = 46;
	objects = {

/* Begin PBXBuildFile section */
		8B7D726B1A253122003D46DB /* AppDelegate.swift in Sources */ = {isa = PBXBuildFile; fileRef = 8B7D726A1A253122003D46DB /* AppDelegate.swift */; };
		8B7D726D1A253122003D46DB /* ViewController.swift in Sources */ = {isa = PBXBuildFile; fileRef = 8B7D726C1A253122003D46DB /* ViewController.swift */; };
		8B7D72701A253122003D46DB /* Main.storyboard in Resources */ = {isa = PBXBuildFile; fileRef = 8B7D726E1A253122003D46DB /* Main.storyboard */; };
		8B7D72721A253122003D46DB /* Images.xcassets in Resources */ = {isa = PBXBuildFile; fileRef = 8B7D72711A253122003D46DB /* Images.xcassets */; };
		8B7D72751A253122003D46DB /* LaunchScreen.xib in Resources */ = {isa = PBXBuildFile; fileRef = 8B7D72731A253122003D46DB /* LaunchScreen.xib */; };
		8B7D72811A253123003D46DB /* persistent_storageTests.swift in Sources */ = {isa = PBXBuildFile; fileRef = 8B7D72801A253123003D46DB /* persistent_storageTests.swift */; };
/* End PBXBuildFile section */

/* Begin PBXContainerItemProxy section */
		8B7D727B1A253123003D46DB /* PBXContainerItemProxy */ = {
			isa = PBXContainerItemProxy;
			containerPortal = 8B7D725D1A253122003D46DB /* Project object */;
			proxyType = 1;
			remoteGlobalIDString = 8B7D72641A253122003D46DB;
			remoteInfo = persistent_storage;
		};
/* End PBXContainerItemProxy section */

/* Begin PBXFileReference section */
		8B7D72651A253122003D46DB /* persistent_storage.app */ = {isa = PBXFileReference; explicitFileType = wrapper.application; includeInIndex = 0; path = persistent_storage.app; sourceTree = BUILT_PRODUCTS_DIR; };
		8B7D72691A253122003D46DB /* Info.plist */ = {isa = PBXFileReference; lastKnownFileType = text.plist.xml; path = Info.plist; sourceTree = "<group>"; };
		8B7D726A1A253122003D46DB /* AppDelegate.swift */ = {isa = PBXFileReference; lastKnownFileType = sourcecode.swift; path = AppDelegate.swift; sourceTree = "<group>"; };
		8B7D726C1A253122003D46DB /* ViewController.swift */ = {isa = PBXFileReference; lastKnownFileType = sourcecode.swift; path = ViewController.swift; sourceTree = "<group>"; };
		8B7D726F1A253122003D46DB /* Base */ = {isa = PBXFileReference; lastKnownFileType = file.storyboard; name = Base; path = Base.lproj/Main.storyboard; sourceTree = "<group>"; };
		8B7D72711A253122003D46DB /* Images.xcassets */ = {isa = PBXFileReference; lastKnownFileType = folder.assetcatalog; path = Images.xcassets; sourceTree = "<group>"; };
		8B7D72741A253122003D46DB /* Base */ = {isa = PBXFileReference; lastKnownFileType = file.xib; name = Base; path = Base.lproj/LaunchScreen.xib; sourceTree = "<group>"; };
		8B7D727A1A253123003D46DB /* persistent_storageTests.xctest */ = {isa = PBXFileReference; explicitFileType = wrapper.cfbundle; includeInIndex = 0; path = persistent_storageTests.xctest; sourceTree = BUILT_PRODUCTS_DIR; };
		8B7D727F1A253123003D46DB /* Info.plist */ = {isa = PBXFileReference; lastKnownFileType = text.plist.xml; path = Info.plist; sourceTree = "<group>"; };
		8B7D72801A253123003D46DB /* persistent_storageTests.swift */ = {isa = PBXFileReference; lastKnownFileType = sourcecode.swift; path = persistent_storageTests.swift; sourceTree = "<group>"; };
/* End PBXFileReference section */

/* Begin PBXFrameworksBuildPhase section */
		8B7D72621A253122003D46DB /* Frameworks */ = {
			isa = PBXFrameworksBuildPhase;
			buildActionMask = 2147483647;
			files = (
			);
			runOnlyForDeploymentPostprocessing = 0;
		};
		8B7D72771A253123003D46DB /* Frameworks */ = {
			isa = PBXFrameworksBuildPhase;
			buildActionMask = 2147483647;
			files = (
			);
			runOnlyForDeploymentPostprocessing = 0;
		};
/* End PBXFrameworksBuildPhase section */

/* Begin PBXGroup section */
		8B7D725C1A253122003D46DB = {
			isa = PBXGroup;
			children = (
				8B7D72671A253122003D46DB /* persistent_storage */,
				8B7D727D1A253123003D46DB /* persistent_storageTests */,
				8B7D72661A253122003D46DB /* Products */,
			);
			sourceTree = "<group>";
		};
		8B7D72661A253122003D46DB /* Products */ = {
			isa = PBXGroup;
			children = (
				8B7D72651A253122003D46DB /* persistent_storage.app */,
				8B7D727A1A253123003D46DB /* persistent_storageTests.xctest */,
			);
			name = Products;
			sourceTree = "<group>";
		};
		8B7D72671A253122003D46DB /* persistent_storage */ = {
			isa = PBXGroup;
			children = (
				8B7D726A1A253122003D46DB /* AppDelegate.swift */,
				8B7D726C1A253122003D46DB /* ViewController.swift */,
				8B7D726E1A253122003D46DB /* Main.storyboard */,
				8B7D72711A253122003D46DB /* Images.xcassets */,
				8B7D72731A253122003D46DB /* LaunchScreen.xib */,
				8B7D72681A253122003D46DB /* Supporting Files */,
			);
			path = persistent_storage;
			sourceTree = "<group>";
		};
		8B7D72681A253122003D46DB /* Supporting Files */ = {
			isa = PBXGroup;
			children = (
				8B7D72691A253122003D46DB /* Info.plist */,
			);
			name = "Supporting Files";
			sourceTree = "<group>";
		};
		8B7D727D1A253123003D46DB /* persistent_storageTests */ = {
			isa = PBXGroup;
			children = (
				8B7D72801A253123003D46DB /* persistent_storageTests.swift */,
				8B7D727E1A253123003D46DB /* Supporting Files */,
			);
			path = persistent_storageTests;
			sourceTree = "<group>";
		};
		8B7D727E1A253123003D46DB /* Supporting Files */ = {
			isa = PBXGroup;
			children = (
				8B7D727F1A253123003D46DB /* Info.plist */,
			);
			name = "Supporting Files";
			sourceTree = "<group>";
		};
/* End PBXGroup section */

/* Begin PBXNativeTarget section */
		8B7D72641A253122003D46DB /* persistent_storage */ = {
			isa = PBXNativeTarget;
			buildConfigurationList = 8B7D72841A253123003D46DB /* Build configuration list for PBXNativeTarget "persistent_storage" */;
			buildPhases = (
				8B7D72611A253122003D46DB /* Sources */,
				8B7D72621A253122003D46DB /* Frameworks */,
				8B7D72631A253122003D46DB /* Resources */,
			);
			buildRules = (
			);
			dependencies = (
			);
			name = persistent_storage;
			productName = persistent_storage;
			productReference = 8B7D72651A253122003D46DB /* persistent_storage.app */;
			productType = "com.apple.product-type.application";
		};
		8B7D72791A253123003D46DB /* persistent_storageTests */ = {
			isa = PBXNativeTarget;
			buildConfigurationList = 8B7D72871A253123003D46DB /* Build configuration list for PBXNativeTarget "persistent_storageTests" */;
			buildPhases = (
				8B7D72761A253123003D46DB /* Sources */,
				8B7D72771A253123003D46DB /* Frameworks */,
				8B7D72781A253123003D46DB /* Resources */,
			);
			buildRules = (
			);
			dependencies = (
				8B7D727C1A253123003D46DB /* PBXTargetDependency */,
			);
			name = persistent_storageTests;
			productName = persistent_storageTests;
			productReference = 8B7D727A1A253123003D46DB /* persistent_storageTests.xctest */;
			productType = "com.apple.product-type.bundle.unit-test";
		};
/* End PBXNativeTarget section */

/* Begin PBXProject section */
		8B7D725D1A253122003D46DB /* Project object */ = {
			isa = PBXProject;
			attributes = {
				LastUpgradeCheck = 0610;
				ORGANIZATIONNAME = Griffappolis;
				TargetAttributes = {
					8B7D72641A253122003D46DB = {
						CreatedOnToolsVersion = 6.1;
					};
					8B7D72791A253123003D46DB = {
						CreatedOnToolsVersion = 6.1;
						TestTargetID = 8B7D72641A253122003D46DB;
					};
				};
			};
			buildConfigurationList = 8B7D72601A253122003D46DB /* Build configuration list for PBXProject "persistent_storage" */;
			compatibilityVersion = "Xcode 3.2";
			developmentRegion = English;
			hasScannedForEncodings = 0;
			knownRegions = (
				en,
				Base,
			);
			mainGroup = 8B7D725C1A253122003D46DB;
			productRefGroup = 8B7D72661A253122003D46DB /* Products */;
			projectDirPath = "";
			projectRoot = "";
			targets = (
				8B7D72641A253122003D46DB /* persistent_storage */,
				8B7D72791A253123003D46DB /* persistent_storageTests */,
			);
		};
/* End PBXProject section */

/* Begin PBXResourcesBuildPhase section */
		8B7D72631A253122003D46DB /* Resources */ = {
			isa = PBXResourcesBuildPhase;
			buildActionMask = 2147483647;
			files = (
				8B7D72701A253122003D46DB /* Main.storyboard in Resources */,
				8B7D72751A253122003D46DB /* LaunchScreen.xib in Resources */,
				8B7D72721A253122003D46DB /* Images.xcassets in Resources */,
			);
			runOnlyForDeploymentPostprocessing = 0;
		};
		8B7D72781A253123003D46DB /* Resources */ = {
			isa = PBXResourcesBuildPhase;
			buildActionMask = 2147483647;
			files = (
			);
			runOnlyForDeploymentPostprocessing = 0;
		};
/* End PBXResourcesBuildPhase section */

/* Begin PBXSourcesBuildPhase section */
		8B7D72611A253122003D46DB /* Sources */ = {
			isa = PBXSourcesBuildPhase;
			buildActionMask = 2147483647;
			files = (
				8B7D726D1A253122003D46DB /* ViewController.swift in Sources */,
				8B7D726B1A253122003D46DB /* AppDelegate.swift in Sources */,
			);
			runOnlyForDeploymentPostprocessing = 0;
		};
		8B7D72761A253123003D46DB /* Sources */ = {
			isa = PBXSourcesBuildPhase;
			buildActionMask = 2147483647;
			files = (
				8B7D72811A253123003D46DB /* persistent_storageTests.swift in Sources */,
			);
			runOnlyForDeploymentPostprocessing = 0;
		};
/* End PBXSourcesBuildPhase section */

/* Begin PBXTargetDependency section */
		8B7D727C1A253123003D46DB /* PBXTargetDependency */ = {
			isa = PBXTargetDependency;
			target = 8B7D72641A253122003D46DB /* persistent_storage */;
			targetProxy = 8B7D727B1A253123003D46DB /* PBXContainerItemProxy */;
		};
/* End PBXTargetDependency section */

/* Begin PBXVariantGroup section */
		8B7D726E1A253122003D46DB /* Main.storyboard */ = {
			isa = PBXVariantGroup;
			children = (
				8B7D726F1A253122003D46DB /* Base */,
			);
			name = Main.storyboard;
			sourceTree = "<group>";
		};
		8B7D72731A253122003D46DB /* LaunchScreen.xib */ = {
			isa = PBXVariantGroup;
			children = (
				8B7D72741A253122003D46DB /* Base */,
			);
			name = LaunchScreen.xib;
			sourceTree = "<group>";
		};
/* End PBXVariantGroup section */

/* Begin XCBuildConfiguration section */
		8B7D72821A253123003D46DB /* Debug */ = {
			isa = XCBuildConfiguration;
			buildSettings = {
				ALWAYS_SEARCH_USER_PATHS = NO;
				CLANG_CXX_LANGUAGE_STANDARD = "gnu++0x";
				CLANG_CXX_LIBRARY = "libc++";
				CLANG_ENABLE_MODULES = YES;
				CLANG_ENABLE_OBJC_ARC = YES;
				CLANG_WARN_BOOL_CONVERSION = YES;
				CLANG_WARN_CONSTANT_CONVERSION = YES;
				CLANG_WARN_DIRECT_OBJC_ISA_USAGE = YES_ERROR;
				CLANG_WARN_EMPTY_BODY = YES;
				CLANG_WARN_ENUM_CONVERSION = YES;
				CLANG_WARN_INT_CONVERSION = YES;
				CLANG_WARN_OBJC_ROOT_CLASS = YES_ERROR;
				CLANG_WARN_UNREACHABLE_CODE = YES;
				CLANG_WARN__DUPLICATE_METHOD_MATCH = YES;
				"CODE_SIGN_IDENTITY[sdk=iphoneos*]" = "iPhone Developer";
				COPY_PHASE_STRIP = NO;
				ENABLE_STRICT_OBJC_MSGSEND = YES;
				GCC_C_LANGUAGE_STANDARD = gnu99;
				GCC_DYNAMIC_NO_PIC = NO;
				GCC_OPTIMIZATION_LEVEL = 0;
				GCC_PREPROCESSOR_DEFINITIONS = (
					"DEBUG=1",
					"$(inherited)",
				);
				GCC_SYMBOLS_PRIVATE_EXTERN = NO;
				GCC_WARN_64_TO_32_BIT_CONVERSION = YES;
				GCC_WARN_ABOUT_RETURN_TYPE = YES_ERROR;
				GCC_WARN_UNDECLARED_SELECTOR = YES;
				GCC_WARN_UNINITIALIZED_AUTOS = YES_AGGRESSIVE;
				GCC_WARN_UNUSED_FUNCTION = YES;
				GCC_WARN_UNUSED_VARIABLE = YES;
				IPHONEOS_DEPLOYMENT_TARGET = 8.1;
				MTL_ENABLE_DEBUG_INFO = YES;
				ONLY_ACTIVE_ARCH = YES;
				SDKROOT = iphoneos;
				SWIFT_OPTIMIZATION_LEVEL = "-Onone";
			};
			name = Debug;
		};
		8B7D72831A253123003D46DB /* Release */ = {
			isa = XCBuildConfiguration;
			buildSettings = {
				ALWAYS_SEARCH_USER_PATHS = NO;
				CLANG_CXX_LANGUAGE_STANDARD = "gnu++0x";
				CLANG_CXX_LIBRARY = "libc++";
				CLANG_ENABLE_MODULES = YES;
				CLANG_ENABLE_OBJC_ARC = YES;
				CLANG_WARN_BOOL_CONVERSION = YES;
				CLANG_WARN_CONSTANT_CONVERSION = YES;
				CLANG_WARN_DIRECT_OBJC_ISA_USAGE = YES_ERROR;
				CLANG_WARN_EMPTY_BODY = YES;
				CLANG_WARN_ENUM_CONVERSION = YES;
				CLANG_WARN_INT_CONVERSION = YES;
				CLANG_WARN_OBJC_ROOT_CLASS = YES_ERROR;
				CLANG_WARN_UNREACHABLE_CODE = YES;
				CLANG_WARN__DUPLICATE_METHOD_MATCH = YES;
				"CODE_SIGN_IDENTITY[sdk=iphoneos*]" = "iPhone Developer";
				COPY_PHASE_STRIP = YES;
				ENABLE_NS_ASSERTIONS = NO;
				ENABLE_STRICT_OBJC_MSGSEND = YES;
				GCC_C_LANGUAGE_STANDARD = gnu99;
				GCC_WARN_64_TO_32_BIT_CONVERSION = YES;
				GCC_WARN_ABOUT_RETURN_TYPE = YES_ERROR;
				GCC_WARN_UNDECLARED_SELECTOR = YES;
				GCC_WARN_UNINITIALIZED_AUTOS = YES_AGGRESSIVE;
				GCC_WARN_UNUSED_FUNCTION = YES;
				GCC_WARN_UNUSED_VARIABLE = YES;
				IPHONEOS_DEPLOYMENT_TARGET = 8.1;
				MTL_ENABLE_DEBUG_INFO = NO;
				SDKROOT = iphoneos;
				VALIDATE_PRODUCT = YES;
			};
			name = Release;
		};
		8B7D72851A253123003D46DB /* Debug */ = {
			isa = XCBuildConfiguration;
			buildSettings = {
				ASSETCATALOG_COMPILER_APPICON_NAME = AppIcon;
				INFOPLIST_FILE = persistent_storage/Info.plist;
				LD_RUNPATH_SEARCH_PATHS = "$(inherited) @executable_path/Frameworks";
				PRODUCT_NAME = "$(TARGET_NAME)";
			};
			name = Debug;
		};
		8B7D72861A253123003D46DB /* Release */ = {
			isa = XCBuildConfiguration;
			buildSettings = {
				ASSETCATALOG_COMPILER_APPICON_NAME = AppIcon;
				INFOPLIST_FILE = persistent_storage/Info.plist;
				LD_RUNPATH_SEARCH_PATHS = "$(inherited) @executable_path/Frameworks";
				PRODUCT_NAME = "$(TARGET_NAME)";
			};
			name = Release;
		};
		8B7D72881A253123003D46DB /* Debug */ = {
			isa = XCBuildConfiguration;
			buildSettings = {
				BUNDLE_LOADER = "$(TEST_HOST)";
				FRAMEWORK_SEARCH_PATHS = (
					"$(SDKROOT)/Developer/Library/Frameworks",
					"$(inherited)",
				);
				GCC_PREPROCESSOR_DEFINITIONS = (
					"DEBUG=1",
					"$(inherited)",
				);
				INFOPLIST_FILE = persistent_storageTests/Info.plist;
				LD_RUNPATH_SEARCH_PATHS = "$(inherited) @executable_path/Frameworks @loader_path/Frameworks";
				PRODUCT_NAME = "$(TARGET_NAME)";
				TEST_HOST = "$(BUILT_PRODUCTS_DIR)/persistent_storage.app/persistent_storage";
			};
			name = Debug;
		};
		8B7D72891A253123003D46DB /* Release */ = {
			isa = XCBuildConfiguration;
			buildSettings = {
				BUNDLE_LOADER = "$(TEST_HOST)";
				FRAMEWORK_SEARCH_PATHS = (
					"$(SDKROOT)/Developer/Library/Frameworks",
					"$(inherited)",
				);
				INFOPLIST_FILE = persistent_storageTests/Info.plist;
				LD_RUNPATH_SEARCH_PATHS = "$(inherited) @executable_path/Frameworks @loader_path/Frameworks";
				PRODUCT_NAME = "$(TARGET_NAME)";
				TEST_HOST = "$(BUILT_PRODUCTS_DIR)/persistent_storage.app/persistent_storage";
			};
			name = Release;
		};
/* End XCBuildConfiguration section */

/* Begin XCConfigurationList section */
		8B7D72601A253122003D46DB /* Build configuration list for PBXProject "persistent_storage" */ = {
			isa = XCConfigurationList;
			buildConfigurations = (
				8B7D72821A253123003D46DB /* Debug */,
				8B7D72831A253123003D46DB /* Release */,
			);
			defaultConfigurationIsVisible = 0;
			defaultConfigurationName = Release;
		};
		8B7D72841A253123003D46DB /* Build configuration list for PBXNativeTarget "persistent_storage" */ = {
			isa = XCConfigurationList;
			buildConfigurations = (
				8B7D72851A253123003D46DB /* Debug */,
				8B7D72861A253123003D46DB /* Release */,
			);
			defaultConfigurationIsVisible = 0;
		};
		8B7D72871A253123003D46DB /* Build configuration list for PBXNativeTarget "persistent_storageTests" */ = {
			isa = XCConfigurationList;
			buildConfigurations = (
				8B7D72881A253123003D46DB /* Debug */,
				8B7D72891A253123003D46DB /* Release */,
			);
			defaultConfigurationIsVisible = 0;
		};
/* End XCConfigurationList section */
	};
	rootObject = 8B7D725D1A253122003D46DB /* Project object */;
}
